{
  "requires": true,
  "lockfileVersion": 1,
  "dependencies": {
    "ansi-styles": {
      "version": "3.2.1",
      "resolved": "https://packages.it.lan.com:443/artifactory/api/npm/lnpm/ansi-styles/-/ansi-styles-3.2.1.tgz",
      "integrity": "sha1-QfuyAkPlCxK+DwS43tvwdSDOhB0=",
      "requires": {
        "color-convert": "^1.9.0"
      }
    },
    "arg": {
      "version": "2.0.0",
      "resolved": "https://packages.it.lan.com:443/artifactory/api/npm/lnpm/arg/-/arg-2.0.0.tgz",
      "integrity": "sha1-wG5/9pqwWzpKA+vgQH+sTLpldUU="
    },
    "axios": {
      "version": "0.18.0",
      "resolved": "https://packages.it.lan.com:443/artifactory/api/npm/lnpm/axios/-/axios-0.18.0.tgz",
      "integrity": "sha1-MtU+SFHv3AoRmTts0AB4nXDAUQI=",
      "requires": {
        "follow-redirects": "^1.3.0",
        "is-buffer": "^1.1.5"
      }
    },
    "bytes": {
      "version": "3.0.0",
      "resolved": "https://packages.it.lan.com:443/artifactory/api/npm/lnpm/bytes/-/bytes-3.0.0.tgz",
      "integrity": "sha1-0ygVQE1olpn4Wk6k+odV3ROpYEg="
    },
    "chalk": {
      "version": "2.4.0",
      "resolved": "https://packages.it.lan.com:443/artifactory/api/npm/lnpm/chalk/-/chalk-2.4.0.tgz",
      "integrity": "sha1-oGCil6a1fhW2HKY86EmV2qD+blI=",
      "requires": {
        "ansi-styles": "^3.2.1",
        "escape-string-regexp": "^1.0.5",
        "supports-color": "^5.3.0"
      }
    },
    "chilenify": {
      "version": "1.0.1",
      "resolved": "https://packages.it.lan.com:443/artifactory/api/npm/lnpm/chilenify/-/chilenify-1.0.1.tgz",
      "integrity": "sha1-7qsdoqqKDtIPw4Jl9gmmqZ5EYyI="
    },
    "color-convert": {
      "version": "1.9.3",
      "resolved": "https://packages.it.lan.com:443/artifactory/api/npm/lnpm/color-convert/-/color-convert-1.9.3.tgz",
      "integrity": "sha1-u3GFBpDh8TZWfeYp0tVHHe2kweg=",
      "requires": {
        "color-name": "1.1.3"
      }
    },
    "color-name": {
      "version": "1.1.3",
      "resolved": "https://packages.it.lan.com:443/artifactory/api/npm/lnpm/color-name/-/color-name-1.1.3.tgz",
      "integrity": "sha1-p9BVi9icQveV3UIyj3QIMcpTvCU="
    },
    "content-type": {
      "version": "1.0.4",
      "resolved": "https://packages.it.lan.com:443/artifactory/api/npm/lnpm/content-type/-/content-type-1.0.4.tgz",
      "integrity": "sha1-4TjMdeBAxyexlm/l5fjJruJW/js="
    },
    "debug": {
      "version": "3.2.6",
      "resolved": "https://packages.it.lan.com:443/artifactory/api/npm/lnpm/debug/-/debug-3.2.6.tgz",
      "integrity": "sha1-6D0X3hbYp++3cX7b5fsQE17uYps=",
      "requires": {
        "ms": "^2.1.1"
      }
    },
    "depd": {
      "version": "1.1.1",
      "resolved": "https://packages.it.lan.com:443/artifactory/api/npm/lnpm/depd/-/depd-1.1.1.tgz",
      "integrity": "sha1-V4O04cRZ8G+lyif5kfPQbnoxA1k="
    },
    "escape-string-regexp": {
      "version": "1.0.5",
      "resolved": "https://packages.it.lan.com:443/artifactory/api/npm/lnpm/escape-string-regexp/-/escape-string-regexp-1.0.5.tgz",
      "integrity": "sha1-G2HAViGQqN/2rjuyzwIAyhMLhtQ="
    },
    "follow-redirects": {
      "version": "1.7.0",
      "resolved": "https://packages.it.lan.com:443/artifactory/api/npm/lnpm/follow-redirects/-/follow-redirects-1.7.0.tgz",
      "integrity": "sha1-SJ68GY3A5/ZBZ70jsDxMGbV4THY=",
      "requires": {
        "debug": "^3.2.6"
      }
    },
    "has-flag": {
      "version": "3.0.0",
      "resolved": "https://packages.it.lan.com:443/artifactory/api/npm/lnpm/has-flag/-/has-flag-3.0.0.tgz",
      "integrity": "sha1-tdRU3CGZriJWmfNGfloH87lVuv0="
    },
    "http-errors": {
      "version": "1.6.2",
      "resolved": "https://packages.it.lan.com:443/artifactory/api/npm/lnpm/http-errors/-/http-errors-1.6.2.tgz",
      "integrity": "sha1-CgAsyFcHGSp+eUbO7cERVfYOxzY=",
      "requires": {
        "depd": "1.1.1",
        "inherits": "2.0.3",
        "setprototypeof": "1.0.3",
        "statuses": ">= 1.3.1 < 2"
      }
    },
    "iconv-lite": {
      "version": "0.4.19",
      "resolved": "https://packages.it.lan.com:443/artifactory/api/npm/lnpm/iconv-lite/-/iconv-lite-0.4.19.tgz",
      "integrity": "sha1-90aPYBNfXl2tM5nAqBvpoWA6CCs="
    },
    "inherits": {
      "version": "2.0.3",
      "resolved": "https://packages.it.lan.com:443/artifactory/api/npm/lnpm/inherits/-/inherits-2.0.3.tgz",
      "integrity": "sha1-Yzwsg+PaQqUC9SRmAiSA9CCCYd4="
    },
    "is-buffer": {
      "version": "1.1.6",
      "resolved": "https://packages.it.lan.com:443/artifactory/api/npm/lnpm/is-buffer/-/is-buffer-1.1.6.tgz",
      "integrity": "sha1-76ouqdqg16suoTqXsritUf776L4="
    },
    "is-stream": {
      "version": "1.1.0",
      "resolved": "https://packages.it.lan.com:443/artifactory/api/npm/lnpm/is-stream/-/is-stream-1.1.0.tgz",
      "integrity": "sha1-EtSj3U5o4Lec6428hBc66A2RykQ="
    },
    "micro": {
      "version": "9.3.3",
      "resolved": "https://packages.it.lan.com:443/artifactory/api/npm/lnpm/micro/-/micro-9.3.3.tgz",
      "integrity": "sha1-MnKMe+FegHaR6thdon/YEXqLyiQ=",
      "requires": {
        "arg": "2.0.0",
        "chalk": "2.4.0",
        "content-type": "1.0.4",
        "is-stream": "1.1.0",
        "raw-body": "2.3.2"
      }
    },
    "ms": {
      "version": "2.1.1",
      "resolved": "https://packages.it.lan.com:443/artifactory/api/npm/lnpm/ms/-/ms-2.1.1.tgz",
      "integrity": "sha1-MKWGTrPrsKZvLr5tcnrwagnYbgo="
    },
    "node-fetch": {
      "version": "2.3.0",
      "resolved": "https://packages.it.lan.com:443/artifactory/api/npm/lnpm/node-fetch/-/node-fetch-2.3.0.tgz",
      "integrity": "sha1-Gh2UC7+5FqHT4CGfA36J5x+MX6U="
    },
    "raw-body": {
      "version": "2.3.2",
      "resolved": "https://packages.it.lan.com:443/artifactory/api/npm/lnpm/raw-body/-/raw-body-2.3.2.tgz",
      "integrity": "sha1-vNYMd9Prk83gBQKVw/N5OJvIj4k=",
      "requires": {
        "bytes": "3.0.0",
        "http-errors": "1.6.2",
        "iconv-lite": "0.4.19",
        "unpipe": "1.0.0"
      }
    },
    "setprototypeof": {
      "version": "1.0.3",
      "resolved": "https://packages.it.lan.com:443/artifactory/api/npm/lnpm/setprototypeof/-/setprototypeof-1.0.3.tgz",
      "integrity": "sha1-ZlZ+NwQ+608E2RvWWMDL77VbjgQ="
    },
    "statuses": {
      "version": "1.5.0",
      "resolved": "https://packages.it.lan.com:443/artifactory/api/npm/lnpm/statuses/-/statuses-1.5.0.tgz",
      "integrity": "sha1-Fhx9rBd2Wf2YEfQ3cfqZOBR4Yow="
    },
    "supports-color": {
      "version": "5.5.0",
      "resolved": "https://packages.it.lan.com:443/artifactory/api/npm/lnpm/supports-color/-/supports-color-5.5.0.tgz",
      "integrity": "sha1-4uaaRKyHcveKHsCzW2id9lMO/I8=",
      "requires": {
        "has-flag": "^3.0.0"
      }
    },
    "unpipe": {
      "version": "1.0.0",
      "resolved": "https://packages.it.lan.com:443/artifactory/api/npm/lnpm/unpipe/-/unpipe-1.0.0.tgz",
      "integrity": "sha1-sr9O6FFKrmFltIF4KdIbLvSZBOw="
    }
  }
}
